<Solution>
  <Folder Name="/src/">
    <Project Path="src/Fakturenn.Infrastructure.DataProtection/Fakturenn.Infrastructure.DataProtection.csproj" />
    <Project Path="src/Fakturenn.Infrastructure.Persistence/Fakturenn.Infrastructure.Persistence.csproj" />
    <Project Path="src/Fakturenn.Infrastructure.Storage/Fakturenn.Infrastructure.Storage.csproj" />
    <Project Path="src/Fakturenn.Modules.Identity.Contracts/Fakturenn.Modules.Identity.Contracts.csproj" />
    <Project Path="src/Fakturenn.Modules.Identity/Fakturenn.Modules.Identity.csproj" />
    <Project Path="src/Fakturenn.Modules.Invoices.Contracts/Fakturenn.Modules.Invoices.Contracts.csproj" />
    <Project Path="src/Fakturenn.Modules.Invoices/Fakturenn.Modules.Invoices.csproj" />
    <Project Path="src/Fakturenn.SharedKernel/Fakturenn.SharedKernel.csproj" />
    <Project Path="src/Fakturenn.Web/Fakturenn.Web.csproj" />
  </Folder>
  <Folder Name="/tests/">
    <Project Path="tests/Fakturenn.ArchitectureTests/Fakturenn.ArchitectureTests.csproj" />
    <Project Path="tests/Fakturenn.ComplianceTests/Fakturenn.ComplianceTests.csproj" />
    <Project Path="tests/Fakturenn.IntegrationTests/Fakturenn.IntegrationTests.csproj" />
    <Project Path="tests/Fakturenn.Modules.Identity.UnitTests/Fakturenn.Modules.Identity.UnitTests.csproj" />
    <Project Path="tests/Fakturenn.UiTests/Fakturenn.UiTests.csproj" />
    <Project Path="tests/Fakturenn.UnitTests/Fakturenn.UnitTests.csproj" />
  </Folder>
</Solution>
